
Microsoft Visual Studio Solution File, Format Version 12.00
# Visual Studio Version 16
VisualStudioVersion = 16.0.30503.244
MinimumVisualStudioVersion = 10.0.40219.1
Project("{FAE04EC0-301F-11D3-BF4B-00C04F79EFBC}") = "ElektronskiPDV", "ElektronskiPDV\ElektronskiPDV.csproj", "{CFF3B987-1700-4FE8-9C8E-4C55F4FB2293}"
EndProject
Global
	GlobalSection(SolutionConfigurationPlatforms) = preSolution
		Debug|Any CPU = Debug|Any CPU
		Release|Any CPU = Release|Any CPU
	EndGlobalSection
	GlobalSection(ProjectConfigurationPlatforms) = postSolution
		{CFF3B987-1700-4FE8-9C8E-4C55F4FB2293}.Debug|Any CPU.ActiveCfg = Debug|Any CPU
		{CFF3B987-1700-4FE8-9C8E-4C55F4FB2293}.Debug|Any CPU.Build.0 = Debug|Any CPU
		{CFF3B987-1700-4FE8-9C8E-4C55F4FB2293}.Release|Any CPU.ActiveCfg = Release|Any CPU
		{CFF3B987-1700-4FE8-9C8E-4C55F4FB2293}.Release|Any CPU.Build.0 = Release|Any CPU
	EndGlobalSection
	GlobalSection(SolutionProperties) = preSolution
		HideSolutionNode = FALSE
	EndGlobalSection
	GlobalSection(ExtensibilityGlobals) = postSolution
		SolutionGuid = {E49368FB-673F-4DF5-9D61-6CB96DC0C179}
	EndGlobalSection
EndGlobal
